// !$*UTF8*$!
{
	archiveVersion = 1;
	classes = {
	};
	objectVersion = 55;
	objects = {

/* Begin PBXBuildFile section */
		F4AEC66C28A0EDA100FC1DF1 /* TimeSheetsApp.swift in Sources */ = {isa = PBXBuildFile; fileRef = F4AEC66B28A0EDA100FC1DF1 /* TimeSheetsApp.swift */; };
		F4AEC66E28A0EDA100FC1DF1 /* ContentView.swift in Sources */ = {isa = PBXBuildFile; fileRef = F4AEC66D28A0EDA100FC1DF1 /* ContentView.swift */; };
		F4AEC67028A0EDA300FC1DF1 /* Assets.xcassets in Resources */ = {isa = PBXBuildFile; fileRef = F4AEC66F28A0EDA300FC1DF1 /* Assets.xcassets */; };
		F4AEC67328A0EDA300FC1DF1 /* Preview Assets.xcassets in Resources */ = {isa = PBXBuildFile; fileRef = F4AEC67228A0EDA300FC1DF1 /* Preview Assets.xcassets */; };
		F4AEC67E28A0EDA300FC1DF1 /* TSTimeTests.swift in Sources */ = {isa = PBXBuildFile; fileRef = F4AEC67D28A0EDA300FC1DF1 /* TSTimeTests.swift */; };
		F4AEC68828A0EDA300FC1DF1 /* TimeSheetsUITests.swift in Sources */ = {isa = PBXBuildFile; fileRef = F4AEC68728A0EDA300FC1DF1 /* TimeSheetsUITests.swift */; };
		F4AEC68A28A0EDA300FC1DF1 /* TimeSheetsUITestsLaunchTests.swift in Sources */ = {isa = PBXBuildFile; fileRef = F4AEC68928A0EDA300FC1DF1 /* TimeSheetsUITestsLaunchTests.swift */; };
		F4AEC69828A0EE5D00FC1DF1 /* TSTime.swift in Sources */ = {isa = PBXBuildFile; fileRef = F4AEC69728A0EE5D00FC1DF1 /* TSTime.swift */; };
/* End PBXBuildFile section */

/* Begin PBXContainerItemProxy section */
		F4AEC67A28A0EDA300FC1DF1 /* PBXContainerItemProxy */ = {
			isa = PBXContainerItemProxy;
			containerPortal = F4AEC66028A0EDA100FC1DF1 /* Project object */;
			proxyType = 1;
			remoteGlobalIDString = F4AEC66728A0EDA100FC1DF1;
			remoteInfo = TimeSheets;
		};
		F4AEC68428A0EDA300FC1DF1 /* PBXContainerItemProxy */ = {
			isa = PBXContainerItemProxy;
			containerPortal = F4AEC66028A0EDA100FC1DF1 /* Project object */;
			proxyType = 1;
			remoteGlobalIDString = F4AEC66728A0EDA100FC1DF1;
			remoteInfo = TimeSheets;
		};
/* End PBXContainerItemProxy section */

/* Begin PBXFileReference section */
		F4AEC66828A0EDA100FC1DF1 /* TimeSheets.app */ = {isa = PBXFileReference; explicitFileType = wrapper.application; includeInIndex = 0; path = TimeSheets.app; sourceTree = BUILT_PRODUCTS_DIR; };
		F4AEC66B28A0EDA100FC1DF1 /* TimeSheetsApp.swift */ = {isa = PBXFileReference; lastKnownFileType = sourcecode.swift; path = TimeSheetsApp.swift; sourceTree = "<group>"; };
		F4AEC66D28A0EDA100FC1DF1 /* ContentView.swift */ = {isa = PBXFileReference; lastKnownFileType = sourcecode.swift; path = ContentView.swift; sourceTree = "<group>"; };
		F4AEC66F28A0EDA300FC1DF1 /* Assets.xcassets */ = {isa = PBXFileReference; lastKnownFileType = folder.assetcatalog; path = Assets.xcassets; sourceTree = "<group>"; };
		F4AEC67228A0EDA300FC1DF1 /* Preview Assets.xcassets */ = {isa = PBXFileReference; lastKnownFileType = folder.assetcatalog; path = "Preview Assets.xcassets"; sourceTree = "<group>"; };
		F4AEC67428A0EDA300FC1DF1 /* TimeSheets.entitlements */ = {isa = PBXFileReference; lastKnownFileType = text.plist.entitlements; path = TimeSheets.entitlements; sourceTree = "<group>"; };
		F4AEC67928A0EDA300FC1DF1 /* TimeSheetsTests.xctest */ = {isa = PBXFileReference; explicitFileType = wrapper.cfbundle; includeInIndex = 0; path = TimeSheetsTests.xctest; sourceTree = BUILT_PRODUCTS_DIR; };
		F4AEC67D28A0EDA300FC1DF1 /* TSTimeTests.swift */ = {isa = PBXFileReference; lastKnownFileType = sourcecode.swift; path = TSTimeTests.swift; sourceTree = "<group>"; };
		F4AEC68328A0EDA300FC1DF1 /* TimeSheetsUITests.xctest */ = {isa = PBXFileReference; explicitFileType = wrapper.cfbundle; includeInIndex = 0; path = TimeSheetsUITests.xctest; sourceTree = BUILT_PRODUCTS_DIR; };
		F4AEC68728A0EDA300FC1DF1 /* TimeSheetsUITests.swift */ = {isa = PBXFileReference; lastKnownFileType = sourcecode.swift; path = TimeSheetsUITests.swift; sourceTree = "<group>"; };
		F4AEC68928A0EDA300FC1DF1 /* TimeSheetsUITestsLaunchTests.swift */ = {isa = PBXFileReference; lastKnownFileType = sourcecode.swift; path = TimeSheetsUITestsLaunchTests.swift; sourceTree = "<group>"; };
		F4AEC69728A0EE5D00FC1DF1 /* TSTime.swift */ = {isa = PBXFileReference; lastKnownFileType = sourcecode.swift; path = TSTime.swift; sourceTree = "<group>"; };
/* End PBXFileReference section */

/* Begin PBXFrameworksBuildPhase section */
		F4AEC66528A0EDA100FC1DF1 /* Frameworks */ = {
			isa = PBXFrameworksBuildPhase;
			buildActionMask = 2147483647;
			files = (
			);
			runOnlyForDeploymentPostprocessing = 0;
		};
		F4AEC67628A0EDA300FC1DF1 /* Frameworks */ = {
			isa = PBXFrameworksBuildPhase;
			buildActionMask = 2147483647;
			files = (
			);
			runOnlyForDeploymentPostprocessing = 0;
		};
		F4AEC68028A0EDA300FC1DF1 /* Frameworks */ = {
			isa = PBXFrameworksBuildPhase;
			buildActionMask = 2147483647;
			files = (
			);
			runOnlyForDeploymentPostprocessing = 0;
		};
/* End PBXFrameworksBuildPhase section */

/* Begin PBXGroup section */
		F4AEC65F28A0EDA100FC1DF1 = {
			isa = PBXGroup;
			children = (
				F4AEC66A28A0EDA100FC1DF1 /* TimeSheets */,
				F4AEC67C28A0EDA300FC1DF1 /* TimeSheetsTests */,
				F4AEC68628A0EDA300FC1DF1 /* TimeSheetsUITests */,
				F4AEC66928A0EDA100FC1DF1 /* Products */,
			);
			sourceTree = "<group>";
		};
		F4AEC66928A0EDA100FC1DF1 /* Products */ = {
			isa = PBXGroup;
			children = (
				F4AEC66828A0EDA100FC1DF1 /* TimeSheets.app */,
				F4AEC67928A0EDA300FC1DF1 /* TimeSheetsTests.xctest */,
				F4AEC68328A0EDA300FC1DF1 /* TimeSheetsUITests.xctest */,
			);
			name = Products;
			sourceTree = "<group>";
		};
		F4AEC66A28A0EDA100FC1DF1 /* TimeSheets */ = {
			isa = PBXGroup;
			children = (
				F4AEC69628A0EE4F00FC1DF1 /* Models */,
				F4AEC66B28A0EDA100FC1DF1 /* TimeSheetsApp.swift */,
				F4AEC66D28A0EDA100FC1DF1 /* ContentView.swift */,
				F4AEC66F28A0EDA300FC1DF1 /* Assets.xcassets */,
				F4AEC67428A0EDA300FC1DF1 /* TimeSheets.entitlements */,
				F4AEC67128A0EDA300FC1DF1 /* Preview Content */,
			);
			path = TimeSheets;
			sourceTree = "<group>";
		};
		F4AEC67128A0EDA300FC1DF1 /* Preview Content */ = {
			isa = PBXGroup;
			children = (
				F4AEC67228A0EDA300FC1DF1 /* Preview Assets.xcassets */,
			);
			path = "Preview Content";
			sourceTree = "<group>";
		};
		F4AEC67C28A0EDA300FC1DF1 /* TimeSheetsTests */ = {
			isa = PBXGroup;
			children = (
				F4AEC67D28A0EDA300FC1DF1 /* TSTimeTests.swift */,
			);
			path = TimeSheetsTests;
			sourceTree = "<group>";
		};
		F4AEC68628A0EDA300FC1DF1 /* TimeSheetsUITests */ = {
			isa = PBXGroup;
			children = (
				F4AEC68728A0EDA300FC1DF1 /* TimeSheetsUITests.swift */,
				F4AEC68928A0EDA300FC1DF1 /* TimeSheetsUITestsLaunchTests.swift */,
			);
			path = TimeSheetsUITests;
			sourceTree = "<group>";
		};
		F4AEC69628A0EE4F00FC1DF1 /* Models */ = {
			isa = PBXGroup;
			children = (
				F4AEC69728A0EE5D00FC1DF1 /* TSTime.swift */,
			);
			path = Models;
			sourceTree = "<group>";
		};
/* End PBXGroup section */

/* Begin PBXNativeTarget section */
		F4AEC66728A0EDA100FC1DF1 /* TimeSheets */ = {
			isa = PBXNativeTarget;
			buildConfigurationList = F4AEC68D28A0EDA300FC1DF1 /* Build configuration list for PBXNativeTarget "TimeSheets" */;
			buildPhases = (
				F4AEC66428A0EDA100FC1DF1 /* Sources */,
				F4AEC66528A0EDA100FC1DF1 /* Frameworks */,
				F4AEC66628A0EDA100FC1DF1 /* Resources */,
			);
			buildRules = (
			);
			dependencies = (
			);
			name = TimeSheets;
			productName = TimeSheets;
			productReference = F4AEC66828A0EDA100FC1DF1 /* TimeSheets.app */;
			productType = "com.apple.product-type.application";
		};
		F4AEC67828A0EDA300FC1DF1 /* TimeSheetsTests */ = {
			isa = PBXNativeTarget;
			buildConfigurationList = F4AEC69028A0EDA300FC1DF1 /* Build configuration list for PBXNativeTarget "TimeSheetsTests" */;
			buildPhases = (
				F4AEC67528A0EDA300FC1DF1 /* Sources */,
				F4AEC67628A0EDA300FC1DF1 /* Frameworks */,
				F4AEC67728A0EDA300FC1DF1 /* Resources */,
			);
			buildRules = (
			);
			dependencies = (
				F4AEC67B28A0EDA300FC1DF1 /* PBXTargetDependency */,
			);
			name = TimeSheetsTests;
			productName = TimeSheetsTests;
			productReference = F4AEC67928A0EDA300FC1DF1 /* TimeSheetsTests.xctest */;
			productType = "com.apple.product-type.bundle.unit-test";
		};
		F4AEC68228A0EDA300FC1DF1 /* TimeSheetsUITests */ = {
			isa = PBXNativeTarget;
			buildConfigurationList = F4AEC69328A0EDA300FC1DF1 /* Build configuration list for PBXNativeTarget "TimeSheetsUITests" */;
			buildPhases = (
				F4AEC67F28A0EDA300FC1DF1 /* Sources */,
				F4AEC68028A0EDA300FC1DF1 /* Frameworks */,
				F4AEC68128A0EDA300FC1DF1 /* Resources */,
			);
			buildRules = (
			);
			dependencies = (
				F4AEC68528A0EDA300FC1DF1 /* PBXTargetDependency */,
			);
			name = TimeSheetsUITests;
			productName = TimeSheetsUITests;
			productReference = F4AEC68328A0EDA300FC1DF1 /* TimeSheetsUITests.xctest */;
			productType = "com.apple.product-type.bundle.ui-testing";
		};
/* End PBXNativeTarget section */

/* Begin PBXProject section */
		F4AEC66028A0EDA100FC1DF1 /* Project object */ = {
			isa = PBXProject;
			attributes = {
				BuildIndependentTargetsInParallel = 1;
				LastSwiftUpdateCheck = 1340;
				LastUpgradeCheck = 1340;
				TargetAttributes = {
					F4AEC66728A0EDA100FC1DF1 = {
						CreatedOnToolsVersion = 13.4.1;
					};
					F4AEC67828A0EDA300FC1DF1 = {
						CreatedOnToolsVersion = 13.4.1;
						TestTargetID = F4AEC66728A0EDA100FC1DF1;
					};
					F4AEC68228A0EDA300FC1DF1 = {
						CreatedOnToolsVersion = 13.4.1;
						TestTargetID = F4AEC66728A0EDA100FC1DF1;
					};
				};
			};
			buildConfigurationList = F4AEC66328A0EDA100FC1DF1 /* Build configuration list for PBXProject "TimeSheets" */;
			compatibilityVersion = "Xcode 13.0";
			developmentRegion = en;
			hasScannedForEncodings = 0;
			knownRegions = (
				en,
				Base,
			);
			mainGroup = F4AEC65F28A0EDA100FC1DF1;
			productRefGroup = F4AEC66928A0EDA100FC1DF1 /* Products */;
			projectDirPath = "";
			projectRoot = "";
			targets = (
				F4AEC66728A0EDA100FC1DF1 /* TimeSheets */,
				F4AEC67828A0EDA300FC1DF1 /* TimeSheetsTests */,
				F4AEC68228A0EDA300FC1DF1 /* TimeSheetsUITests */,
			);
		};
/* End PBXProject section */

/* Begin PBXResourcesBuildPhase section */
		F4AEC66628A0EDA100FC1DF1 /* Resources */ = {
			isa = PBXResourcesBuildPhase;
			buildActionMask = 2147483647;
			files = (
				F4AEC67328A0EDA300FC1DF1 /* Preview Assets.xcassets in Resources */,
				F4AEC67028A0EDA300FC1DF1 /* Assets.xcassets in Resources */,
			);
			runOnlyForDeploymentPostprocessing = 0;
		};
		F4AEC67728A0EDA300FC1DF1 /* Resources */ = {
			isa = PBXResourcesBuildPhase;
			buildActionMask = 2147483647;
			files = (
			);
			runOnlyForDeploymentPostprocessing = 0;
		};
		F4AEC68128A0EDA300FC1DF1 /* Resources */ = {
			isa = PBXResourcesBuildPhase;
			buildActionMask = 2147483647;
			files = (
			);
			runOnlyForDeploymentPostprocessing = 0;
		};
/* End PBXResourcesBuildPhase section */

/* Begin PBXSourcesBuildPhase section */
		F4AEC66428A0EDA100FC1DF1 /* Sources */ = {
			isa = PBXSourcesBuildPhase;
			buildActionMask = 2147483647;
			files = (
				F4AEC66E28A0EDA100FC1DF1 /* ContentView.swift in Sources */,
				F4AEC69828A0EE5D00FC1DF1 /* TSTime.swift in Sources */,
				F4AEC66C28A0EDA100FC1DF1 /* TimeSheetsApp.swift in Sources */,
			);
			runOnlyForDeploymentPostprocessing = 0;
		};
		F4AEC67528A0EDA300FC1DF1 /* Sources */ = {
			isa = PBXSourcesBuildPhase;
			buildActionMask = 2147483647;
			files = (
				F4AEC67E28A0EDA300FC1DF1 /* TSTimeTests.swift in Sources */,
			);
			runOnlyForDeploymentPostprocessing = 0;
		};
		F4AEC67F28A0EDA300FC1DF1 /* Sources */ = {
			isa = PBXSourcesBuildPhase;
			buildActionMask = 2147483647;
			files = (
				F4AEC68828A0EDA300FC1DF1 /* TimeSheetsUITests.swift in Sources */,
				F4AEC68A28A0EDA300FC1DF1 /* TimeSheetsUITestsLaunchTests.swift in Sources */,
			);
			runOnlyForDeploymentPostprocessing = 0;
		};
/* End PBXSourcesBuildPhase section */

/* Begin PBXTargetDependency section */
		F4AEC67B28A0EDA300FC1DF1 /* PBXTargetDependency */ = {
			isa = PBXTargetDependency;
			target = F4AEC66728A0EDA100FC1DF1 /* TimeSheets */;
			targetProxy = F4AEC67A28A0EDA300FC1DF1 /* PBXContainerItemProxy */;
		};
		F4AEC68528A0EDA300FC1DF1 /* PBXTargetDependency */ = {
			isa = PBXTargetDependency;
			target = F4AEC66728A0EDA100FC1DF1 /* TimeSheets */;
			targetProxy = F4AEC68428A0EDA300FC1DF1 /* PBXContainerItemProxy */;
		};
/* End PBXTargetDependency section */

/* Begin XCBuildConfiguration section */
		F4AEC68B28A0EDA300FC1DF1 /* Debug */ = {
			isa = XCBuildConfiguration;
			buildSettings = {
				ALWAYS_SEARCH_USER_PATHS = NO;
				CLANG_ANALYZER_NONNULL = YES;
				CLANG_ANALYZER_NUMBER_OBJECT_CONVERSION = YES_AGGRESSIVE;
				CLANG_CXX_LANGUAGE_STANDARD = "gnu++17";
				CLANG_ENABLE_MODULES = YES;
				CLANG_ENABLE_OBJC_ARC = YES;
				CLANG_ENABLE_OBJC_WEAK = YES;
				CLANG_WARN_BLOCK_CAPTURE_AUTORELEASING = YES;
				CLANG_WARN_BOOL_CONVERSION = YES;
				CLANG_WARN_COMMA = YES;
				CLANG_WARN_CONSTANT_CONVERSION = YES;
				CLANG_WARN_DEPRECATED_OBJC_IMPLEMENTATIONS = YES;
				CLANG_WARN_DIRECT_OBJC_ISA_USAGE = YES_ERROR;
				CLANG_WARN_DOCUMENTATION_COMMENTS = YES;
				CLANG_WARN_EMPTY_BODY = YES;
				CLANG_WARN_ENUM_CONVERSION = YES;
				CLANG_WARN_INFINITE_RECURSION = YES;
				CLANG_WARN_INT_CONVERSION = YES;
				CLANG_WARN_NON_LITERAL_NULL_CONVERSION = YES;
				CLANG_WARN_OBJC_IMPLICIT_RETAIN_SELF = YES;
				CLANG_WARN_OBJC_LITERAL_CONVERSION = YES;
				CLANG_WARN_OBJC_ROOT_CLASS = YES_ERROR;
				CLANG_WARN_QUOTED_INCLUDE_IN_FRAMEWORK_HEADER = YES;
				CLANG_WARN_RANGE_LOOP_ANALYSIS = YES;
				CLANG_WARN_STRICT_PROTOTYPES = YES;
				CLANG_WARN_SUSPICIOUS_MOVE = YES;
				CLANG_WARN_UNGUARDED_AVAILABILITY = YES_AGGRESSIVE;
				CLANG_WARN_UNREACHABLE_CODE = YES;
				CLANG_WARN__DUPLICATE_METHOD_MATCH = YES;
				COPY_PHASE_STRIP = NO;
				DEBUG_INFORMATION_FORMAT = dwarf;
				ENABLE_STRICT_OBJC_MSGSEND = YES;
				ENABLE_TESTABILITY = YES;
				GCC_C_LANGUAGE_STANDARD = gnu11;
				GCC_DYNAMIC_NO_PIC = NO;
				GCC_NO_COMMON_BLOCKS = YES;
				GCC_OPTIMIZATION_LEVEL = 0;
				GCC_PREPROCESSOR_DEFINITIONS = (
					"DEBUG=1",
					"$(inherited)",
				);
				GCC_WARN_64_TO_32_BIT_CONVERSION = YES;
				GCC_WARN_ABOUT_RETURN_TYPE = YES_ERROR;
				GCC_WARN_UNDECLARED_SELECTOR = YES;
				GCC_WARN_UNINITIALIZED_AUTOS = YES_AGGRESSIVE;
				GCC_WARN_UNUSED_FUNCTION = YES;
				GCC_WARN_UNUSED_VARIABLE = YES;
				MACOSX_DEPLOYMENT_TARGET = 12.3;
				MTL_ENABLE_DEBUG_INFO = INCLUDE_SOURCE;
				MTL_FAST_MATH = YES;
				ONLY_ACTIVE_ARCH = YES;
				SDKROOT = macosx;
				SWIFT_ACTIVE_COMPILATION_CONDITIONS = DEBUG;
				SWIFT_OPTIMIZATION_LEVEL = "-Onone";
			};
			name = Debug;
		};
		F4AEC68C28A0EDA300FC1DF1 /* Release */ = {
			isa = XCBuildConfiguration;
			buildSettings = {
				ALWAYS_SEARCH_USER_PATHS = NO;
				CLANG_ANALYZER_NONNULL = YES;
				CLANG_ANALYZER_NUMBER_OBJECT_CONVERSION = YES_AGGRESSIVE;
				CLANG_CXX_LANGUAGE_STANDARD = "gnu++17";
				CLANG_ENABLE_MODULES = YES;
				CLANG_ENABLE_OBJC_ARC = YES;
				CLANG_ENABLE_OBJC_WEAK = YES;
				CLANG_WARN_BLOCK_CAPTURE_AUTORELEASING = YES;
				CLANG_WARN_BOOL_CONVERSION = YES;
				CLANG_WARN_COMMA = YES;
				CLANG_WARN_CONSTANT_CONVERSION = YES;
				CLANG_WARN_DEPRECATED_OBJC_IMPLEMENTATIONS = YES;
				CLANG_WARN_DIRECT_OBJC_ISA_USAGE = YES_ERROR;
				CLANG_WARN_DOCUMENTATION_COMMENTS = YES;
				CLANG_WARN_EMPTY_BODY = YES;
				CLANG_WARN_ENUM_CONVERSION = YES;
				CLANG_WARN_INFINITE_RECURSION = YES;
				CLANG_WARN_INT_CONVERSION = YES;
				CLANG_WARN_NON_LITERAL_NULL_CONVERSION = YES;
				CLANG_WARN_OBJC_IMPLICIT_RETAIN_SELF = YES;
				CLANG_WARN_OBJC_LITERAL_CONVERSION = YES;
				CLANG_WARN_OBJC_ROOT_CLASS = YES_ERROR;
				CLANG_WARN_QUOTED_INCLUDE_IN_FRAMEWORK_HEADER = YES;
				CLANG_WARN_RANGE_LOOP_ANALYSIS = YES;
				CLANG_WARN_STRICT_PROTOTYPES = YES;
				CLANG_WARN_SUSPICIOUS_MOVE = YES;
				CLANG_WARN_UNGUARDED_AVAILABILITY = YES_AGGRESSIVE;
				CLANG_WARN_UNREACHABLE_CODE = YES;
				CLANG_WARN__DUPLICATE_METHOD_MATCH = YES;
				COPY_PHASE_STRIP = NO;
				DEBUG_INFORMATION_FORMAT = "dwarf-with-dsym";
				ENABLE_NS_ASSERTIONS = NO;
				ENABLE_STRICT_OBJC_MSGSEND = YES;
				GCC_C_LANGUAGE_STANDARD = gnu11;
				GCC_NO_COMMON_BLOCKS = YES;
				GCC_WARN_64_TO_32_BIT_CONVERSION = YES;
				GCC_WARN_ABOUT_RETURN_TYPE = YES_ERROR;
				GCC_WARN_UNDECLARED_SELECTOR = YES;
				GCC_WARN_UNINITIALIZED_AUTOS = YES_AGGRESSIVE;
				GCC_WARN_UNUSED_FUNCTION = YES;
				GCC_WARN_UNUSED_VARIABLE = YES;
				MACOSX_DEPLOYMENT_TARGET = 12.3;
				MTL_ENABLE_DEBUG_INFO = NO;
				MTL_FAST_MATH = YES;
				SDKROOT = macosx;
				SWIFT_COMPILATION_MODE = wholemodule;
				SWIFT_OPTIMIZATION_LEVEL = "-O";
			};
			name = Release;
		};
		F4AEC68E28A0EDA300FC1DF1 /* Debug */ = {
			isa = XCBuildConfiguration;
			buildSettings = {
				ASSETCATALOG_COMPILER_APPICON_NAME = AppIcon;
				ASSETCATALOG_COMPILER_GLOBAL_ACCENT_COLOR_NAME = AccentColor;
				CODE_SIGN_ENTITLEMENTS = TimeSheets/TimeSheets.entitlements;
				CODE_SIGN_STYLE = Automatic;
				COMBINE_HIDPI_IMAGES = YES;
				CURRENT_PROJECT_VERSION = 1;
				DEVELOPMENT_ASSET_PATHS = "\"TimeSheets/Preview Content\"";
				DEVELOPMENT_TEAM = 4SKJAJR837;
				ENABLE_HARDENED_RUNTIME = YES;
				ENABLE_PREVIEWS = YES;
				GENERATE_INFOPLIST_FILE = YES;
				INFOPLIST_KEY_NSHumanReadableCopyright = "";
				LD_RUNPATH_SEARCH_PATHS = (
					"$(inherited)",
					"@executable_path/../Frameworks",
				);
				MARKETING_VERSION = 1.0;
				PRODUCT_BUNDLE_IDENTIFIER = com.poddlybonk.TimeSheets;
				PRODUCT_NAME = "$(TARGET_NAME)";
				SWIFT_EMIT_LOC_STRINGS = YES;
				SWIFT_VERSION = 5.0;
			};
			name = Debug;
		};
		F4AEC68F28A0EDA300FC1DF1 /* Release */ = {
			isa = XCBuildConfiguration;
			buildSettings = {
				ASSETCATALOG_COMPILER_APPICON_NAME = AppIcon;
				ASSETCATALOG_COMPILER_GLOBAL_ACCENT_COLOR_NAME = AccentColor;
				CODE_SIGN_ENTITLEMENTS = TimeSheets/TimeSheets.entitlements;
				CODE_SIGN_STYLE = Automatic;
				COMBINE_HIDPI_IMAGES = YES;
				CURRENT_PROJECT_VERSION = 1;
				DEVELOPMENT_ASSET_PATHS = "\"TimeSheets/Preview Content\"";
				DEVELOPMENT_TEAM = 4SKJAJR837;
				ENABLE_HARDENED_RUNTIME = YES;
				ENABLE_PREVIEWS = YES;
				GENERATE_INFOPLIST_FILE = YES;
				INFOPLIST_KEY_NSHumanReadableCopyright = "";
				LD_RUNPATH_SEARCH_PATHS = (
					"$(inherited)",
					"@executable_path/../Frameworks",
				);
				MARKETING_VERSION = 1.0;
				PRODUCT_BUNDLE_IDENTIFIER = com.poddlybonk.TimeSheets;
				PRODUCT_NAME = "$(TARGET_NAME)";
				SWIFT_EMIT_LOC_STRINGS = YES;
				SWIFT_VERSION = 5.0;
			};
			name = Release;
		};
		F4AEC69128A0EDA300FC1DF1 /* Debug */ = {
			isa = XCBuildConfiguration;
			buildSettings = {
				ALWAYS_EMBED_SWIFT_STANDARD_LIBRARIES = YES;
				BUNDLE_LOADER = "$(TEST_HOST)";
				CODE_SIGN_STYLE = Automatic;
				CURRENT_PROJECT_VERSION = 1;
				DEVELOPMENT_TEAM = 4SKJAJR837;
				GENERATE_INFOPLIST_FILE = YES;
				MACOSX_DEPLOYMENT_TARGET = 12.3;
				MARKETING_VERSION = 1.0;
				PRODUCT_BUNDLE_IDENTIFIER = com.poddlybonk.TimeSheetsTests;
				PRODUCT_NAME = "$(TARGET_NAME)";
				SWIFT_EMIT_LOC_STRINGS = NO;
				SWIFT_VERSION = 5.0;
				TEST_HOST = "$(BUILT_PRODUCTS_DIR)/TimeSheets.app/Contents/MacOS/TimeSheets";
			};
			name = Debug;
		};
		F4AEC69228A0EDA300FC1DF1 /* Release */ = {
			isa = XCBuildConfiguration;
			buildSettings = {
				ALWAYS_EMBED_SWIFT_STANDARD_LIBRARIES = YES;
				BUNDLE_LOADER = "$(TEST_HOST)";
				CODE_SIGN_STYLE = Automatic;
				CURRENT_PROJECT_VERSION = 1;
				DEVELOPMENT_TEAM = 4SKJAJR837;
				GENERATE_INFOPLIST_FILE = YES;
				MACOSX_DEPLOYMENT_TARGET = 12.3;
				MARKETING_VERSION = 1.0;
				PRODUCT_BUNDLE_IDENTIFIER = com.poddlybonk.TimeSheetsTests;
				PRODUCT_NAME = "$(TARGET_NAME)";
				SWIFT_EMIT_LOC_STRINGS = NO;
				SWIFT_VERSION = 5.0;
				TEST_HOST = "$(BUILT_PRODUCTS_DIR)/TimeSheets.app/Contents/MacOS/TimeSheets";
			};
			name = Release;
		};
		F4AEC69428A0EDA300FC1DF1 /* Debug */ = {
			isa = XCBuildConfiguration;
			buildSettings = {
				ALWAYS_EMBED_SWIFT_STANDARD_LIBRARIES = YES;
				CODE_SIGN_STYLE = Automatic;
				CURRENT_PROJECT_VERSION = 1;
				DEVELOPMENT_TEAM = 4SKJAJR837;
				GENERATE_INFOPLIST_FILE = YES;
				MARKETING_VERSION = 1.0;
				PRODUCT_BUNDLE_IDENTIFIER = com.poddlybonk.TimeSheetsUITests;
				PRODUCT_NAME = "$(TARGET_NAME)";
				SWIFT_EMIT_LOC_STRINGS = NO;
				SWIFT_VERSION = 5.0;
				TEST_TARGET_NAME = TimeSheets;
			};
			name = Debug;
		};
		F4AEC69528A0EDA300FC1DF1 /* Release */ = {
			isa = XCBuildConfiguration;
			buildSettings = {
				ALWAYS_EMBED_SWIFT_STANDARD_LIBRARIES = YES;
				CODE_SIGN_STYLE = Automatic;
				CURRENT_PROJECT_VERSION = 1;
				DEVELOPMENT_TEAM = 4SKJAJR837;
				GENERATE_INFOPLIST_FILE = YES;
				MARKETING_VERSION = 1.0;
				PRODUCT_BUNDLE_IDENTIFIER = com.poddlybonk.TimeSheetsUITests;
				PRODUCT_NAME = "$(TARGET_NAME)";
				SWIFT_EMIT_LOC_STRINGS = NO;
				SWIFT_VERSION = 5.0;
				TEST_TARGET_NAME = TimeSheets;
			};
			name = Release;
		};
/* End XCBuildConfiguration section */

/* Begin XCConfigurationList section */
		F4AEC66328A0EDA100FC1DF1 /* Build configuration list for PBXProject "TimeSheets" */ = {
			isa = XCConfigurationList;
			buildConfigurations = (
				F4AEC68B28A0EDA300FC1DF1 /* Debug */,
				F4AEC68C28A0EDA300FC1DF1 /* Release */,
			);
			defaultConfigurationIsVisible = 0;
			defaultConfigurationName = Release;
		};
		F4AEC68D28A0EDA300FC1DF1 /* Build configuration list for PBXNativeTarget "TimeSheets" */ = {
			isa = XCConfigurationList;
			buildConfigurations = (
				F4AEC68E28A0EDA300FC1DF1 /* Debug */,
				F4AEC68F28A0EDA300FC1DF1 /* Release */,
			);
			defaultConfigurationIsVisible = 0;
			defaultConfigurationName = Release;
		};
		F4AEC69028A0EDA300FC1DF1 /* Build configuration list for PBXNativeTarget "TimeSheetsTests" */ = {
			isa = XCConfigurationList;
			buildConfigurations = (
				F4AEC69128A0EDA300FC1DF1 /* Debug */,
				F4AEC69228A0EDA300FC1DF1 /* Release */,
			);
			defaultConfigurationIsVisible = 0;
			defaultConfigurationName = Release;
		};
		F4AEC69328A0EDA300FC1DF1 /* Build configuration list for PBXNativeTarget "TimeSheetsUITests" */ = {
			isa = XCConfigurationList;
			buildConfigurations = (
				F4AEC69428A0EDA300FC1DF1 /* Debug */,
				F4AEC69528A0EDA300FC1DF1 /* Release */,
			);
			defaultConfigurationIsVisible = 0;
			defaultConfigurationName = Release;
		};
/* End XCConfigurationList section */
	};
	rootObject = F4AEC66028A0EDA100FC1DF1 /* Project object */;
}
